
Microsoft Visual Studio Solution File, Format Version 12.00
# Visual Studio Version 17
VisualStudioVersion = 17.3.32929.385
MinimumVisualStudioVersion = 10.0.40219.1
Project("{FAE04EC0-301F-11D3-BF4B-00C04F79EFBC}") = "Grpc.Server", "Grpc.Server\Grpc.Server.csproj", "{F643403E-1656-4817-B399-32F2DACC1E43}"
EndProject
Project("{FAE04EC0-301F-11D3-BF4B-00C04F79EFBC}") = "Grpc.Client", "Grpc.Client\Grpc.Client.csproj", "{29BD36F2-1873-45D8-889F-9073C7A8BB2D}"
EndProject
Global
	GlobalSection(SolutionConfigurationPlatforms) = preSolution
		Debug|Any CPU = Debug|Any CPU
		Release|Any CPU = Release|Any CPU
	EndGlobalSection
	GlobalSection(ProjectConfigurationPlatforms) = postSolution
		{F643403E-1656-4817-B399-32F2DACC1E43}.Debug|Any CPU.ActiveCfg = Debug|Any CPU
		{F643403E-1656-4817-B399-32F2DACC1E43}.Debug|Any CPU.Build.0 = Debug|Any CPU
		{F643403E-1656-4817-B399-32F2DACC1E43}.Release|Any CPU.ActiveCfg = Release|Any CPU
		{F643403E-1656-4817-B399-32F2DACC1E43}.Release|Any CPU.Build.0 = Release|Any CPU
		{29BD36F2-1873-45D8-889F-9073C7A8BB2D}.Debug|Any CPU.ActiveCfg = Debug|Any CPU
		{29BD36F2-1873-45D8-889F-9073C7A8BB2D}.Debug|Any CPU.Build.0 = Debug|Any CPU
		{29BD36F2-1873-45D8-889F-9073C7A8BB2D}.Release|Any CPU.ActiveCfg = Release|Any CPU
		{29BD36F2-1873-45D8-889F-9073C7A8BB2D}.Release|Any CPU.Build.0 = Release|Any CPU
	EndGlobalSection
	GlobalSection(SolutionProperties) = preSolution
		HideSolutionNode = FALSE
	EndGlobalSection
	GlobalSection(ExtensibilityGlobals) = postSolution
		SolutionGuid = {5E860D24-AF70-484E-9B67-1591971C0145}
	EndGlobalSection
EndGlobal
