
Microsoft Visual Studio Solution File, Format Version 12.00
# Visual Studio Version 17
VisualStudioVersion = 17.3.32929.385
MinimumVisualStudioVersion = 10.0.40219.1
Project("{FAE04EC0-301F-11D3-BF4B-00C04F79EFBC}") = "REST.Microservices.UserMS", "REST.Microservices.UserMS\REST.Microservices.UserMS.csproj", "{8F670662-7BF0-497E-97E5-3D0DC44EAB03}"
EndProject
Project("{FAE04EC0-301F-11D3-BF4B-00C04F79EFBC}") = "REST.Microservices.Orchestrator", "REST.Microservices.Orchestrator\REST.Microservices.Orchestrator.csproj", "{ED99B7AD-C271-46CD-B97D-3DC6761BE7F9}"
EndProject
Global
	GlobalSection(SolutionConfigurationPlatforms) = preSolution
		Debug|Any CPU = Debug|Any CPU
		Release|Any CPU = Release|Any CPU
	EndGlobalSection
	GlobalSection(ProjectConfigurationPlatforms) = postSolution
		{8F670662-7BF0-497E-97E5-3D0DC44EAB03}.Debug|Any CPU.ActiveCfg = Debug|Any CPU
		{8F670662-7BF0-497E-97E5-3D0DC44EAB03}.Debug|Any CPU.Build.0 = Debug|Any CPU
		{8F670662-7BF0-497E-97E5-3D0DC44EAB03}.Release|Any CPU.ActiveCfg = Release|Any CPU
		{8F670662-7BF0-497E-97E5-3D0DC44EAB03}.Release|Any CPU.Build.0 = Release|Any CPU
		{ED99B7AD-C271-46CD-B97D-3DC6761BE7F9}.Debug|Any CPU.ActiveCfg = Debug|Any CPU
		{ED99B7AD-C271-46CD-B97D-3DC6761BE7F9}.Debug|Any CPU.Build.0 = Debug|Any CPU
		{ED99B7AD-C271-46CD-B97D-3DC6761BE7F9}.Release|Any CPU.ActiveCfg = Release|Any CPU
		{ED99B7AD-C271-46CD-B97D-3DC6761BE7F9}.Release|Any CPU.Build.0 = Release|Any CPU
	EndGlobalSection
	GlobalSection(SolutionProperties) = preSolution
		HideSolutionNode = FALSE
	EndGlobalSection
	GlobalSection(ExtensibilityGlobals) = postSolution
		SolutionGuid = {B4E54A77-002E-4D11-BA95-9F03AD13778C}
	EndGlobalSection
EndGlobal
